// !$*UTF8*$!
{
	archiveVersion = 1;
	classes = {
	};
	objectVersion = 46;
	objects = {

/* Begin PBXBuildFile section */
		0FD6C8FB197F7B83001A6D84 /* Foundation.framework in Frameworks */ = {isa = PBXBuildFile; fileRef = 0FD6C8FA197F7B83001A6D84 /* Foundation.framework */; };
		0FD6C8FD197F7B83001A6D84 /* CoreGraphics.framework in Frameworks */ = {isa = PBXBuildFile; fileRef = 0FD6C8FC197F7B83001A6D84 /* CoreGraphics.framework */; };
		0FD6C8FF197F7B83001A6D84 /* UIKit.framework in Frameworks */ = {isa = PBXBuildFile; fileRef = 0FD6C8FE197F7B83001A6D84 /* UIKit.framework */; };
		0FD6C905197F7B83001A6D84 /* InfoPlist.strings in Resources */ = {isa = PBXBuildFile; fileRef = 0FD6C903197F7B83001A6D84 /* InfoPlist.strings */; };
		0FD6C907197F7B83001A6D84 /* main.m in Sources */ = {isa = PBXBuildFile; fileRef = 0FD6C906197F7B83001A6D84 /* main.m */; };
		0FD6C90B197F7B83001A6D84 /* AppDelegate.m in Sources */ = {isa = PBXBuildFile; fileRef = 0FD6C90A197F7B83001A6D84 /* AppDelegate.m */; };
		0FD6C90D197F7B83001A6D84 /* Images.xcassets in Resources */ = {isa = PBXBuildFile; fileRef = 0FD6C90C197F7B83001A6D84 /* Images.xcassets */; };
		0FD6C914197F7B83001A6D84 /* XCTest.framework in Frameworks */ = {isa = PBXBuildFile; fileRef = 0FD6C913197F7B83001A6D84 /* XCTest.framework */; };
		0FD6C915197F7B83001A6D84 /* Foundation.framework in Frameworks */ = {isa = PBXBuildFile; fileRef = 0FD6C8FA197F7B83001A6D84 /* Foundation.framework */; };
		0FD6C916197F7B83001A6D84 /* UIKit.framework in Frameworks */ = {isa = PBXBuildFile; fileRef = 0FD6C8FE197F7B83001A6D84 /* UIKit.framework */; };
		0FD6C91E197F7B83001A6D84 /* InfoPlist.strings in Resources */ = {isa = PBXBuildFile; fileRef = 0FD6C91C197F7B83001A6D84 /* InfoPlist.strings */; };
		0FD6C920197F7B83001A6D84 /* CTADataRecorderTests.m in Sources */ = {isa = PBXBuildFile; fileRef = 0FD6C91F197F7B83001A6D84 /* CTADataRecorderTests.m */; };
		0FD6C92A197F7C0E001A6D84 /* MainStoryboard.storyboard in Resources */ = {isa = PBXBuildFile; fileRef = 0FD6C929197F7C0E001A6D84 /* MainStoryboard.storyboard */; };
/* End PBXBuildFile section */

/* Begin PBXContainerItemProxy section */
		0FD6C917197F7B83001A6D84 /* PBXContainerItemProxy */ = {
			isa = PBXContainerItemProxy;
			containerPortal = 0FD6C8EF197F7B83001A6D84 /* Project object */;
			proxyType = 1;
			remoteGlobalIDString = 0FD6C8F6197F7B83001A6D84;
			remoteInfo = CTADataRecorder;
		};
/* End PBXContainerItemProxy section */

/* Begin PBXFileReference section */
		0FD6C8F7197F7B83001A6D84 /* CTADataRecorder.app */ = {isa = PBXFileReference; explicitFileType = wrapper.application; includeInIndex = 0; path = CTADataRecorder.app; sourceTree = BUILT_PRODUCTS_DIR; };
		0FD6C8FA197F7B83001A6D84 /* Foundation.framework */ = {isa = PBXFileReference; lastKnownFileType = wrapper.framework; name = Foundation.framework; path = System/Library/Frameworks/Foundation.framework; sourceTree = SDKROOT; };
		0FD6C8FC197F7B83001A6D84 /* CoreGraphics.framework */ = {isa = PBXFileReference; lastKnownFileType = wrapper.framework; name = CoreGraphics.framework; path = System/Library/Frameworks/CoreGraphics.framework; sourceTree = SDKROOT; };
		0FD6C8FE197F7B83001A6D84 /* UIKit.framework */ = {isa = PBXFileReference; lastKnownFileType = wrapper.framework; name = UIKit.framework; path = System/Library/Frameworks/UIKit.framework; sourceTree = SDKROOT; };
		0FD6C902197F7B83001A6D84 /* CTADataRecorder-Info.plist */ = {isa = PBXFileReference; lastKnownFileType = text.plist.xml; path = "CTADataRecorder-Info.plist"; sourceTree = "<group>"; };
		0FD6C904197F7B83001A6D84 /* en */ = {isa = PBXFileReference; lastKnownFileType = text.plist.strings; name = en; path = en.lproj/InfoPlist.strings; sourceTree = "<group>"; };
		0FD6C906197F7B83001A6D84 /* main.m */ = {isa = PBXFileReference; lastKnownFileType = sourcecode.c.objc; path = main.m; sourceTree = "<group>"; };
		0FD6C908197F7B83001A6D84 /* CTADataRecorder-Prefix.pch */ = {isa = PBXFileReference; lastKnownFileType = sourcecode.c.h; path = "CTADataRecorder-Prefix.pch"; sourceTree = "<group>"; };
		0FD6C909197F7B83001A6D84 /* AppDelegate.h */ = {isa = PBXFileReference; lastKnownFileType = sourcecode.c.h; path = AppDelegate.h; sourceTree = "<group>"; };
		0FD6C90A197F7B83001A6D84 /* AppDelegate.m */ = {isa = PBXFileReference; lastKnownFileType = sourcecode.c.objc; path = AppDelegate.m; sourceTree = "<group>"; };
		0FD6C90C197F7B83001A6D84 /* Images.xcassets */ = {isa = PBXFileReference; lastKnownFileType = folder.assetcatalog; path = Images.xcassets; sourceTree = "<group>"; };
		0FD6C912197F7B83001A6D84 /* CTADataRecorderTests.xctest */ = {isa = PBXFileReference; explicitFileType = wrapper.cfbundle; includeInIndex = 0; path = CTADataRecorderTests.xctest; sourceTree = BUILT_PRODUCTS_DIR; };
		0FD6C913197F7B83001A6D84 /* XCTest.framework */ = {isa = PBXFileReference; lastKnownFileType = wrapper.framework; name = XCTest.framework; path = Library/Frameworks/XCTest.framework; sourceTree = DEVELOPER_DIR; };
		0FD6C91B197F7B83001A6D84 /* CTADataRecorderTests-Info.plist */ = {isa = PBXFileReference; lastKnownFileType = text.plist.xml; path = "CTADataRecorderTests-Info.plist"; sourceTree = "<group>"; };
		0FD6C91D197F7B83001A6D84 /* en */ = {isa = PBXFileReference; lastKnownFileType = text.plist.strings; name = en; path = en.lproj/InfoPlist.strings; sourceTree = "<group>"; };
		0FD6C91F197F7B83001A6D84 /* CTADataRecorderTests.m */ = {isa = PBXFileReference; lastKnownFileType = sourcecode.c.objc; path = CTADataRecorderTests.m; sourceTree = "<group>"; };
		0FD6C929197F7C0E001A6D84 /* MainStoryboard.storyboard */ = {isa = PBXFileReference; fileEncoding = 4; lastKnownFileType = file.storyboard; path = MainStoryboard.storyboard; sourceTree = "<group>"; };
/* End PBXFileReference section */

/* Begin PBXFrameworksBuildPhase section */
		0FD6C8F4197F7B83001A6D84 /* Frameworks */ = {
			isa = PBXFrameworksBuildPhase;
			buildActionMask = 2147483647;
			files = (
				0FD6C8FD197F7B83001A6D84 /* CoreGraphics.framework in Frameworks */,
				0FD6C8FF197F7B83001A6D84 /* UIKit.framework in Frameworks */,
				0FD6C8FB197F7B83001A6D84 /* Foundation.framework in Frameworks */,
			);
			runOnlyForDeploymentPostprocessing = 0;
		};
		0FD6C90F197F7B83001A6D84 /* Frameworks */ = {
			isa = PBXFrameworksBuildPhase;
			buildActionMask = 2147483647;
			files = (
				0FD6C914197F7B83001A6D84 /* XCTest.framework in Frameworks */,
				0FD6C916197F7B83001A6D84 /* UIKit.framework in Frameworks */,
				0FD6C915197F7B83001A6D84 /* Foundation.framework in Frameworks */,
			);
			runOnlyForDeploymentPostprocessing = 0;
		};
/* End PBXFrameworksBuildPhase section */

/* Begin PBXGroup section */
		0FD6C8EE197F7B83001A6D84 = {
			isa = PBXGroup;
			children = (
				0FD6C900197F7B83001A6D84 /* CTADataRecorder */,
				0FD6C919197F7B83001A6D84 /* CTADataRecorderTests */,
				0FD6C8F9197F7B83001A6D84 /* Frameworks */,
				0FD6C8F8197F7B83001A6D84 /* Products */,
			);
			sourceTree = "<group>";
		};
		0FD6C8F8197F7B83001A6D84 /* Products */ = {
			isa = PBXGroup;
			children = (
				0FD6C8F7197F7B83001A6D84 /* CTADataRecorder.app */,
				0FD6C912197F7B83001A6D84 /* CTADataRecorderTests.xctest */,
			);
			name = Products;
			sourceTree = "<group>";
		};
		0FD6C8F9197F7B83001A6D84 /* Frameworks */ = {
			isa = PBXGroup;
			children = (
				0FD6C8FA197F7B83001A6D84 /* Foundation.framework */,
				0FD6C8FC197F7B83001A6D84 /* CoreGraphics.framework */,
				0FD6C8FE197F7B83001A6D84 /* UIKit.framework */,
				0FD6C913197F7B83001A6D84 /* XCTest.framework */,
			);
			name = Frameworks;
			sourceTree = "<group>";
		};
		0FD6C900197F7B83001A6D84 /* CTADataRecorder */ = {
			isa = PBXGroup;
			children = (
				0FD6C909197F7B83001A6D84 /* AppDelegate.h */,
				0FD6C90A197F7B83001A6D84 /* AppDelegate.m */,
				0FD6C90C197F7B83001A6D84 /* Images.xcassets */,
				0FD6C901197F7B83001A6D84 /* Supporting Files */,
				0FD6C929197F7C0E001A6D84 /* MainStoryboard.storyboard */,
			);
			path = CTADataRecorder;
			sourceTree = "<group>";
		};
		0FD6C901197F7B83001A6D84 /* Supporting Files */ = {
			isa = PBXGroup;
			children = (
				0FD6C902197F7B83001A6D84 /* CTADataRecorder-Info.plist */,
				0FD6C903197F7B83001A6D84 /* InfoPlist.strings */,
				0FD6C906197F7B83001A6D84 /* main.m */,
				0FD6C908197F7B83001A6D84 /* CTADataRecorder-Prefix.pch */,
			);
			name = "Supporting Files";
			sourceTree = "<group>";
		};
		0FD6C919197F7B83001A6D84 /* CTADataRecorderTests */ = {
			isa = PBXGroup;
			children = (
				0FD6C91F197F7B83001A6D84 /* CTADataRecorderTests.m */,
				0FD6C91A197F7B83001A6D84 /* Supporting Files */,
			);
			path = CTADataRecorderTests;
			sourceTree = "<group>";
		};
		0FD6C91A197F7B83001A6D84 /* Supporting Files */ = {
			isa = PBXGroup;
			children = (
				0FD6C91B197F7B83001A6D84 /* CTADataRecorderTests-Info.plist */,
				0FD6C91C197F7B83001A6D84 /* InfoPlist.strings */,
			);
			name = "Supporting Files";
			sourceTree = "<group>";
		};
/* End PBXGroup section */

/* Begin PBXNativeTarget section */
		0FD6C8F6197F7B83001A6D84 /* CTADataRecorder */ = {
			isa = PBXNativeTarget;
			buildConfigurationList = 0FD6C923197F7B83001A6D84 /* Build configuration list for PBXNativeTarget "CTADataRecorder" */;
			buildPhases = (
				0FD6C8F3197F7B83001A6D84 /* Sources */,
				0FD6C8F4197F7B83001A6D84 /* Frameworks */,
				0FD6C8F5197F7B83001A6D84 /* Resources */,
			);
			buildRules = (
			);
			dependencies = (
			);
			name = CTADataRecorder;
			productName = CTADataRecorder;
			productReference = 0FD6C8F7197F7B83001A6D84 /* CTADataRecorder.app */;
			productType = "com.apple.product-type.application";
		};
		0FD6C911197F7B83001A6D84 /* CTADataRecorderTests */ = {
			isa = PBXNativeTarget;
			buildConfigurationList = 0FD6C926197F7B83001A6D84 /* Build configuration list for PBXNativeTarget "CTADataRecorderTests" */;
			buildPhases = (
				0FD6C90E197F7B83001A6D84 /* Sources */,
				0FD6C90F197F7B83001A6D84 /* Frameworks */,
				0FD6C910197F7B83001A6D84 /* Resources */,
			);
			buildRules = (
			);
			dependencies = (
				0FD6C918197F7B83001A6D84 /* PBXTargetDependency */,
			);
			name = CTADataRecorderTests;
			productName = CTADataRecorderTests;
			productReference = 0FD6C912197F7B83001A6D84 /* CTADataRecorderTests.xctest */;
			productType = "com.apple.product-type.bundle.unit-test";
		};
/* End PBXNativeTarget section */

/* Begin PBXProject section */
		0FD6C8EF197F7B83001A6D84 /* Project object */ = {
			isa = PBXProject;
			attributes = {
				LastUpgradeCheck = 0510;
				ORGANIZATIONNAME = JohnmarkBeaty;
				TargetAttributes = {
					0FD6C911197F7B83001A6D84 = {
						TestTargetID = 0FD6C8F6197F7B83001A6D84;
					};
				};
			};
			buildConfigurationList = 0FD6C8F2197F7B83001A6D84 /* Build configuration list for PBXProject "CTADataRecorder" */;
			compatibilityVersion = "Xcode 3.2";
			developmentRegion = English;
			hasScannedForEncodings = 0;
			knownRegions = (
				en,
			);
			mainGroup = 0FD6C8EE197F7B83001A6D84;
			productRefGroup = 0FD6C8F8197F7B83001A6D84 /* Products */;
			projectDirPath = "";
			projectRoot = "";
			targets = (
				0FD6C8F6197F7B83001A6D84 /* CTADataRecorder */,
				0FD6C911197F7B83001A6D84 /* CTADataRecorderTests */,
			);
		};
/* End PBXProject section */

/* Begin PBXResourcesBuildPhase section */
		0FD6C8F5197F7B83001A6D84 /* Resources */ = {
			isa = PBXResourcesBuildPhase;
			buildActionMask = 2147483647;
			files = (
				0FD6C92A197F7C0E001A6D84 /* MainStoryboard.storyboard in Resources */,
				0FD6C905197F7B83001A6D84 /* InfoPlist.strings in Resources */,
				0FD6C90D197F7B83001A6D84 /* Images.xcassets in Resources */,
			);
			runOnlyForDeploymentPostprocessing = 0;
		};
		0FD6C910197F7B83001A6D84 /* Resources */ = {
			isa = PBXResourcesBuildPhase;
			buildActionMask = 2147483647;
			files = (
				0FD6C91E197F7B83001A6D84 /* InfoPlist.strings in Resources */,
			);
			runOnlyForDeploymentPostprocessing = 0;
		};
/* End PBXResourcesBuildPhase section */

/* Begin PBXSourcesBuildPhase section */
		0FD6C8F3197F7B83001A6D84 /* Sources */ = {
			isa = PBXSourcesBuildPhase;
			buildActionMask = 2147483647;
			files = (
				0FD6C90B197F7B83001A6D84 /* AppDelegate.m in Sources */,
				0FD6C907197F7B83001A6D84 /* main.m in Sources */,
			);
			runOnlyForDeploymentPostprocessing = 0;
		};
		0FD6C90E197F7B83001A6D84 /* Sources */ = {
			isa = PBXSourcesBuildPhase;
			buildActionMask = 2147483647;
			files = (
				0FD6C920197F7B83001A6D84 /* CTADataRecorderTests.m in Sources */,
			);
			runOnlyForDeploymentPostprocessing = 0;
		};
/* End PBXSourcesBuildPhase section */

/* Begin PBXTargetDependency section */
		0FD6C918197F7B83001A6D84 /* PBXTargetDependency */ = {
			isa = PBXTargetDependency;
			target = 0FD6C8F6197F7B83001A6D84 /* CTADataRecorder */;
			targetProxy = 0FD6C917197F7B83001A6D84 /* PBXContainerItemProxy */;
		};
/* End PBXTargetDependency section */

/* Begin PBXVariantGroup section */
		0FD6C903197F7B83001A6D84 /* InfoPlist.strings */ = {
			isa = PBXVariantGroup;
			children = (
				0FD6C904197F7B83001A6D84 /* en */,
			);
			name = InfoPlist.strings;
			sourceTree = "<group>";
		};
		0FD6C91C197F7B83001A6D84 /* InfoPlist.strings */ = {
			isa = PBXVariantGroup;
			children = (
				0FD6C91D197F7B83001A6D84 /* en */,
			);
			name = InfoPlist.strings;
			sourceTree = "<group>";
		};
/* End PBXVariantGroup section */

/* Begin XCBuildConfiguration section */
		0FD6C921197F7B83001A6D84 /* Debug */ = {
			isa = XCBuildConfiguration;
			buildSettings = {
				ALWAYS_SEARCH_USER_PATHS = NO;
				CLANG_CXX_LANGUAGE_STANDARD = "gnu++0x";
				CLANG_CXX_LIBRARY = "libc++";
				CLANG_ENABLE_MODULES = YES;
				CLANG_ENABLE_OBJC_ARC = YES;
				CLANG_WARN_BOOL_CONVERSION = YES;
				CLANG_WARN_CONSTANT_CONVERSION = YES;
				CLANG_WARN_DIRECT_OBJC_ISA_USAGE = YES_ERROR;
				CLANG_WARN_EMPTY_BODY = YES;
				CLANG_WARN_ENUM_CONVERSION = YES;
				CLANG_WARN_INT_CONVERSION = YES;
				CLANG_WARN_OBJC_ROOT_CLASS = YES_ERROR;
				CLANG_WARN__DUPLICATE_METHOD_MATCH = YES;
				"CODE_SIGN_IDENTITY[sdk=iphoneos*]" = "iPhone Developer";
				COPY_PHASE_STRIP = NO;
				GCC_C_LANGUAGE_STANDARD = gnu99;
				GCC_DYNAMIC_NO_PIC = NO;
				GCC_OPTIMIZATION_LEVEL = 0;
				GCC_PREPROCESSOR_DEFINITIONS = (
					"DEBUG=1",
					"$(inherited)",
				);
				GCC_SYMBOLS_PRIVATE_EXTERN = NO;
				GCC_WARN_64_TO_32_BIT_CONVERSION = YES;
				GCC_WARN_ABOUT_RETURN_TYPE = YES_ERROR;
				GCC_WARN_UNDECLARED_SELECTOR = YES;
				GCC_WARN_UNINITIALIZED_AUTOS = YES_AGGRESSIVE;
				GCC_WARN_UNUSED_FUNCTION = YES;
				GCC_WARN_UNUSED_VARIABLE = YES;
				IPHONEOS_DEPLOYMENT_TARGET = 7.1;
				ONLY_ACTIVE_ARCH = YES;
				SDKROOT = iphoneos;
				TARGETED_DEVICE_FAMILY = "1,2";
			};
			name = Debug;
		};
		0FD6C922197F7B83001A6D84 /* Release */ = {
			isa = XCBuildConfiguration;
			buildSettings = {
				ALWAYS_SEARCH_USER_PATHS = NO;
				CLANG_CXX_LANGUAGE_STANDARD = "gnu++0x";
				CLANG_CXX_LIBRARY = "libc++";
				CLANG_ENABLE_MODULES = YES;
				CLANG_ENABLE_OBJC_ARC = YES;
				CLANG_WARN_BOOL_CONVERSION = YES;
				CLANG_WARN_CONSTANT_CONVERSION = YES;
				CLANG_WARN_DIRECT_OBJC_ISA_USAGE = YES_ERROR;
				CLANG_WARN_EMPTY_BODY = YES;
				CLANG_WARN_ENUM_CONVERSION = YES;
				CLANG_WARN_INT_CONVERSION = YES;
				CLANG_WARN_OBJC_ROOT_CLASS = YES_ERROR;
				CLANG_WARN__DUPLICATE_METHOD_MATCH = YES;
				"CODE_SIGN_IDENTITY[sdk=iphoneos*]" = "iPhone Developer";
				COPY_PHASE_STRIP = YES;
				ENABLE_NS_ASSERTIONS = NO;
				GCC_C_LANGUAGE_STANDARD = gnu99;
				GCC_WARN_64_TO_32_BIT_CONVERSION = YES;
				GCC_WARN_ABOUT_RETURN_TYPE = YES_ERROR;
				GCC_WARN_UNDECLARED_SELECTOR = YES;
				GCC_WARN_UNINITIALIZED_AUTOS = YES_AGGRESSIVE;
				GCC_WARN_UNUSED_FUNCTION = YES;
				GCC_WARN_UNUSED_VARIABLE = YES;
				IPHONEOS_DEPLOYMENT_TARGET = 7.1;
				SDKROOT = iphoneos;
				TARGETED_DEVICE_FAMILY = "1,2";
				VALIDATE_PRODUCT = YES;
			};
			name = Release;
		};
		0FD6C924197F7B83001A6D84 /* Debug */ = {
			isa = XCBuildConfiguration;
			buildSettings = {
				ASSETCATALOG_COMPILER_APPICON_NAME = AppIcon;
				ASSETCATALOG_COMPILER_LAUNCHIMAGE_NAME = LaunchImage;
				GCC_PRECOMPILE_PREFIX_HEADER = YES;
				GCC_PREFIX_HEADER = "CTADataRecorder/CTADataRecorder-Prefix.pch";
				INFOPLIST_FILE = "CTADataRecorder/CTADataRecorder-Info.plist";
				PRODUCT_NAME = "$(TARGET_NAME)";
				WRAPPER_EXTENSION = app;
			};
			name = Debug;
		};
		0FD6C925197F7B83001A6D84 /* Release */ = {
			isa = XCBuildConfiguration;
			buildSettings = {
				ASSETCATALOG_COMPILER_APPICON_NAME = AppIcon;
				ASSETCATALOG_COMPILER_LAUNCHIMAGE_NAME = LaunchImage;
				GCC_PRECOMPILE_PREFIX_HEADER = YES;
				GCC_PREFIX_HEADER = "CTADataRecorder/CTADataRecorder-Prefix.pch";
				INFOPLIST_FILE = "CTADataRecorder/CTADataRecorder-Info.plist";
				PRODUCT_NAME = "$(TARGET_NAME)";
				WRAPPER_EXTENSION = app;
			};
			name = Release;
		};
		0FD6C927197F7B83001A6D84 /* Debug */ = {
			isa = XCBuildConfiguration;
			buildSettings = {
				BUNDLE_LOADER = "$(BUILT_PRODUCTS_DIR)/CTADataRecorder.app/CTADataRecorder";
				FRAMEWORK_SEARCH_PATHS = (
					"$(SDKROOT)/Developer/Library/Frameworks",
					"$(inherited)",
					"$(DEVELOPER_FRAMEWORKS_DIR)",
				);
				GCC_PRECOMPILE_PREFIX_HEADER = YES;
				GCC_PREFIX_HEADER = "CTADataRecorder/CTADataRecorder-Prefix.pch";
				GCC_PREPROCESSOR_DEFINITIONS = (
					"DEBUG=1",
					"$(inherited)",
				);
				INFOPLIST_FILE = "CTADataRecorderTests/CTADataRecorderTests-Info.plist";
				PRODUCT_NAME = "$(TARGET_NAME)";
				TEST_HOST = "$(BUNDLE_LOADER)";
				WRAPPER_EXTENSION = xctest;
			};
			name = Debug;
		};
		0FD6C928197F7B83001A6D84 /* Release */ = {
			isa = XCBuildConfiguration;
			buildSettings = {
				BUNDLE_LOADER = "$(BUILT_PRODUCTS_DIR)/CTADataRecorder.app/CTADataRecorder";
				FRAMEWORK_SEARCH_PATHS = (
					"$(SDKROOT)/Developer/Library/Frameworks",
					"$(inherited)",
					"$(DEVELOPER_FRAMEWORKS_DIR)",
				);
				GCC_PRECOMPILE_PREFIX_HEADER = YES;
				GCC_PREFIX_HEADER = "CTADataRecorder/CTADataRecorder-Prefix.pch";
				INFOPLIST_FILE = "CTADataRecorderTests/CTADataRecorderTests-Info.plist";
				PRODUCT_NAME = "$(TARGET_NAME)";
				TEST_HOST = "$(BUNDLE_LOADER)";
				WRAPPER_EXTENSION = xctest;
			};
			name = Release;
		};
/* End XCBuildConfiguration section */

/* Begin XCConfigurationList section */
		0FD6C8F2197F7B83001A6D84 /* Build configuration list for PBXProject "CTADataRecorder" */ = {
			isa = XCConfigurationList;
			buildConfigurations = (
				0FD6C921197F7B83001A6D84 /* Debug */,
				0FD6C922197F7B83001A6D84 /* Release */,
			);
			defaultConfigurationIsVisible = 0;
			defaultConfigurationName = Release;
		};
		0FD6C923197F7B83001A6D84 /* Build configuration list for PBXNativeTarget "CTADataRecorder" */ = {
			isa = XCConfigurationList;
			buildConfigurations = (
				0FD6C924197F7B83001A6D84 /* Debug */,
				0FD6C925197F7B83001A6D84 /* Release */,
			);
			defaultConfigurationIsVisible = 0;
		};
		0FD6C926197F7B83001A6D84 /* Build configuration list for PBXNativeTarget "CTADataRecorderTests" */ = {
			isa = XCConfigurationList;
			buildConfigurations = (
				0FD6C927197F7B83001A6D84 /* Debug */,
				0FD6C928197F7B83001A6D84 /* Release */,
			);
			defaultConfigurationIsVisible = 0;
		};
/* End XCConfigurationList section */
	};
	rootObject = 0FD6C8EF197F7B83001A6D84 /* Project object */;
}
